{
  "name": "Josival",
  "lockfileVersion": 3,
  "requires": true,
  "packages": {
    "": {
      "dependencies": {
        "jstrace": "^0.3.0",
        "replify": "^1.2.0",
        "stackup": "^1.0.2"
      }
    },
    "node_modules/actorify": {
      "version": "1.0.0",
      "resolved": "https://registry.npmjs.org/actorify/-/actorify-1.0.0.tgz",
      "integrity": "sha512-aoBV5cqNsHur0C/61kAnqdy3USzE5FoBHH8f2zDg8pklhDAvnAllKkdk7LzrOoIoR5N1YOVjNUUUYKn5+OQP3Q==",
      "dependencies": {
        "amp": "0.3.1",
        "amp-message": "0.1.1",
        "ms": "~0.6.1"
      }
    },
    "node_modules/amp": {
      "version": "0.3.1",
      "resolved": "https://registry.npmjs.org/amp/-/amp-0.3.1.tgz",
      "integrity": "sha512-OwIuC4yZaRogHKiuU5WlMR5Xk/jAcpPtawWL05Gj8Lvm2F6mwoJt4O/bHI+DHwG79vWd+8OFYM4/BzYqyRd3qw=="
    },
    "node_modules/amp-message": {
      "version": "0.1.1",
      "resolved": "https://registry.npmjs.org/amp-message/-/amp-message-0.1.1.tgz",
      "integrity": "sha512-8R1gCjYZR9o8qZt0oM09rvsLQmU1Rkb9+QGv/V60CIPAG8InWGPyR061J3HDM4vRr6/Is2TTscjn5UKBrfRaVw==",
      "dependencies": {
        "amp": "0.3.1"
      }
    },
    "node_modules/async-listener": {
      "version": "0.4.7",
      "resolved": "https://registry.npmjs.org/async-listener/-/async-listener-0.4.7.tgz",
      "integrity": "sha512-xboBKtLmFNEgBTopp9zWhYUzSciyNStJAsvkme6WWnbdm4ib1Ge4TEdRBPTKFTzvyZ34JfrrqqNVh8URm/rvtg==",
      "dependencies": {
        "shimmer": "1.0.0"
      },
      "engines": {
        "node": "<=0.11.8"
      }
    },
    "node_modules/backo": {
      "version": "1.0.1",
      "resolved": "https://registry.npmjs.org/backo/-/backo-1.0.1.tgz",
      "integrity": "sha512-pQpiImJzIhcrC6RVahqC9ijg4xhiVWS2RQ6OKkOcaIWWmZtvER/CItiKP7Q+oFnaI0dsH6aqBea4Rg+8foiNww=="
    },
    "node_modules/batch": {
      "version": "0.5.3",
      "resolved": "https://registry.npmjs.org/batch/-/batch-0.5.3.tgz",
      "integrity": "sha512-aQgHPLH2DHpFTpBl5/GiVdNzHEqsLCSs1RiPvqkKP1+7RkNJlv71kL8/KXmvvaLqoZ7ylmvqkZhLjjAoRz8Xgw=="
    },
    "node_modules/commander": {
      "version": "2.1.0",
      "resolved": "https://registry.npmjs.org/commander/-/commander-2.1.0.tgz",
      "integrity": "sha512-J2wnb6TKniXNOtoHS8TSrG9IOQluPrsmyAJ8oCUJOBmv+uLBCyPYAZkD2jFvw2DCzIXNnISIM01NIvr35TkBMQ==",
      "engines": {
        "node": ">= 0.6.x"
      }
    },
    "node_modules/debug": {
      "version": "0.7.4",
      "resolved": "https://registry.npmjs.org/debug/-/debug-0.7.4.tgz",
      "integrity": "sha512-EohAb3+DSHSGx8carOSKJe8G0ayV5/i609OD0J2orCkuyae7SyZSz2aoLmQF2s0Pj5gITDebwPH7GFBlqOUQ1Q==",
      "engines": {
        "node": "*"
      }
    },
    "node_modules/escape-regexp": {
      "version": "0.0.1",
      "resolved": "https://registry.npmjs.org/escape-regexp/-/escape-regexp-0.0.1.tgz",
      "integrity": "sha512-jVgdsYRa7RKxTT6MKNC3gdT+BF0Gfhpel19+HMRZJC2L0PufB0XOBuXBoXj29NKHwuktnAXd1Z1lyiH/8vOTpw=="
    },
    "node_modules/jstrace": {
      "version": "0.3.0",
      "resolved": "https://registry.npmjs.org/jstrace/-/jstrace-0.3.0.tgz",
      "integrity": "sha512-2ZjWRYhuPYMoQVT2hiJNp6qU6Qy7fH8rzjoQtOUeum9UhMCDrvYYH/DbUpItOrSK/MfLw8674k/OccTCFGLVHQ==",
      "dependencies": {
        "actorify": "^1.0.0",
        "backo": "~1.0.1",
        "batch": "~0.5.0",
        "commander": "~2.1.0",
        "debug": "~0.7.4",
        "escape-regexp": "0.0.1"
      },
      "bin": {
        "jstrace": "bin/jstrace"
      }
    },
    "node_modules/ms": {
      "version": "0.6.2",
      "resolved": "https://registry.npmjs.org/ms/-/ms-0.6.2.tgz",
      "integrity": "sha512-/pc3eh7TWorTtbvXg8je4GvrvEqCfH7PA3P7iW01yL2E53FKixzgMBaQi0NOPbMJqY34cBSvR0tZtmlTkdUG4A=="
    },
    "node_modules/replify": {
      "version": "1.2.0",
      "resolved": "https://registry.npmjs.org/replify/-/replify-1.2.0.tgz",
      "integrity": "sha512-Jhm6TiXzJtOG4HAoC3BsTCSV2+wVn4JYhfH1Leoo2YcKcDTwU0XnahTgy5TWmmtOmR+sUcfaCxP/D1KUP/Cm4w==",
      "engines": {
        "node": ">= 0.6.0"
      }
    },
    "node_modules/shimmer": {
      "version": "1.0.0",
      "resolved": "https://registry.npmjs.org/shimmer/-/shimmer-1.0.0.tgz",
      "integrity": "sha512-cObpDFWg7sBwR87R+Mg7umM/V8be9jjm9hSFRberxaxyWZ7Wqksmf1FPACuEKAO5XXeSuUr0DGD9PebmM6m8fA=="
    },
    "node_modules/stackup": {
      "version": "1.0.2",
      "resolved": "https://registry.npmjs.org/stackup/-/stackup-1.0.2.tgz",
      "integrity": "sha512-hYMHhZw/uy+ANKRgBAn24R2iUwvNBbWaQZhVnZ2Qze092By0c8PO78e2ZfIWLbSYzIIVag9EPfheGNvvPVM5EQ==",
      "dependencies": {
        "async-listener": "~0.4.7"
      }
    }
  }
}
